{
  "requires": true,
  "lockfileVersion": 1,
  "dependencies": {
    "animate.css": {
      "version": "3.7.2",
      "resolved": "https://registry.npmjs.org/animate.css/-/animate.css-3.7.2.tgz",
      "integrity": "sha512-0bE8zYo7C0KvgOYrSVfrzkbYk6IOTVPNqkiHg2cbyF4Pq/PXzilz4BRWA3hwEUBoMp5VBgrC29lQIZyhRWdBTw=="
    },
    "animation-util": {
      "version": "1.0.11",
      "resolved": "https://registry.npmjs.org/animation-util/-/animation-util-1.0.11.tgz",
      "integrity": "sha512-m9/BXJyPWuD02FvtGSxxh0EzjqGyZ2vxolBLos6ybaQpD8sQLVjmcptbl3cPL7C2fNkU7BPh+TZHK687Mny7/Q==",
      "requires": {
        "object-assign": "^4.1.1"
      }
    },
    "babel-runtime": {
      "version": "6.26.0",
      "resolved": "https://registry.npmjs.org/babel-runtime/-/babel-runtime-6.26.0.tgz",
      "integrity": "sha1-llxwWGaOgrVde/4E/yM3vItWR/4=",
      "requires": {
        "core-js": "^2.4.0",
        "regenerator-runtime": "^0.11.0"
      }
    },
    "better-scroll": {
      "version": "1.15.2",
      "resolved": "https://registry.npmjs.org/better-scroll/-/better-scroll-1.15.2.tgz",
      "integrity": "sha512-sSY2N8I9/B+YX/9JpIz6pMQYnmBuvspBqZG4UxYaQEfz/ZWrnxwdyKLL4t6IKpFmxqtZadVypXw7vSSHxBZpBQ==",
      "requires": {
        "babel-runtime": "^6.0.0"
      }
    },
    "bindingx-parser": {
      "version": "0.0.3",
      "resolved": "https://registry.npmjs.org/bindingx-parser/-/bindingx-parser-0.0.3.tgz",
      "integrity": "sha512-HPRn/9B+EN9C0zh2uhUTMGiBsQ12JcLoDB4xWnVloeRR4s+Cdd2gLAfhgrG10fqyxypMx/INVTotYchSpqXnnw=="
    },
    "bindingx-web-polyfill": {
      "version": "0.1.18",
      "resolved": "https://registry.npmjs.org/bindingx-web-polyfill/-/bindingx-web-polyfill-0.1.18.tgz",
      "integrity": "sha512-ASiQQdqEipF1VTmL6U47YWsTSF+KMJARaqkqycoJ2ZsB2/iOZHjI+owYQ09Mq8TJ+GVRhoySmGUh9j2XSWEo0g==",
      "requires": {
        "animation-util": "^1.0.10",
        "object-assign": "^4.1.1",
        "simple-lodash": "^0.0.3"
      },
      "dependencies": {
        "simple-lodash": {
          "version": "0.0.3",
          "resolved": "https://registry.npmjs.org/simple-lodash/-/simple-lodash-0.0.3.tgz",
          "integrity": "sha512-z1E8o+8lTFHyL4DKecuAQ2UgwWbgVUTJ7iyglCsMz4wGscQ/+A0CqIIz8ZOcTpUbMc4yc+Bwk5Gn+2cuvIRnLQ=="
        }
      }
    },
    "core-js": {
      "version": "2.6.11",
      "resolved": "https://registry.npmjs.org/core-js/-/core-js-2.6.11.tgz",
      "integrity": "sha512-5wjnpaT/3dV+XB4borEsnAYQchn00XSgTAWKDkEqv+K8KevjbzmofK6hfJ9TZIlpj2N0xQpazy7PiRQiWHqzWg=="
    },
    "object-assign": {
      "version": "4.1.1",
      "resolved": "https://registry.npmjs.org/object-assign/-/object-assign-4.1.1.tgz",
      "integrity": "sha1-IQmtx5ZYh8/AXLvUQsrIv7s2CGM="
    },
    "regenerator-runtime": {
      "version": "0.11.1",
      "resolved": "https://registry.npmjs.org/regenerator-runtime/-/regenerator-runtime-0.11.1.tgz",
      "integrity": "sha512-MguG95oij0fC3QV3URf4V2SDYGJhJnJGqvIIgdECeODCT98wSWDAJ94SSuVpYQUoTcGUIL6L4yNB7j1DFFHSBg=="
    },
    "simple-lodash": {
      "version": "0.0.2",
      "resolved": "https://registry.npmjs.org/simple-lodash/-/simple-lodash-0.0.2.tgz",
      "integrity": "sha512-BuCCKYqzrgfAWEyaVbGKGqsdYon9DFNPKlyH+7Nvci3i+HXy5fPkbOdLjWTJEY1MPkRvvAPWhu31d1YkBidVYw=="
    },
    "universal-env": {
      "version": "0.6.6",
      "resolved": "https://registry.npmjs.org/universal-env/-/universal-env-0.6.6.tgz",
      "integrity": "sha512-CqBdTKFStTEV7wETHjWm7CDIbSdUxIlN3zQ5xraTG6Wb1XEmBgyW1pu8lJW0buRXjACgjrD+pr97akumbQ0Y6A=="
    },
    "weex-bindingx": {
      "version": "0.0.49",
      "resolved": "https://registry.npmjs.org/weex-bindingx/-/weex-bindingx-0.0.49.tgz",
      "integrity": "sha512-4ZRobpvSKtdeFr91Ivz6qyw8TO0RnBNdwAgpqCG2qm5sv0xIMv5PZaMMmRKl1w5bDblbD4eFsYZX6q6cPZQPUg==",
      "requires": {
        "bindingx-parser": "0.x.x",
        "bindingx-web-polyfill": "0.x.x",
        "object-assign": "^4.1.1",
        "simple-lodash": "^0.0.2",
        "universal-env": "0.x.x"
      }
    }
  }
}
